sdk: ^2.0.0-alpha.144
prefixes:
  ar: pkg-ar
  host: pkg-host
packages:
  pkg-ar:
    url: github.com/toitlang/pkg-ar
    name: ar
    version: 1.3.0
    hash: d0f3890e5c641bee93fa337fbea0710a0a72710c
  pkg-host:
    url: github.com/toitlang/pkg-host
    name: host
    version: 1.15.3
    hash: 62393e8522b77eafbafe60b9817935266117daf6
