sdk: ^2.0.0-alpha.120
prefixes:
  cli: pkg-cli
  fs: pkg-fs
  host: pkg-host
  tar: pkg-tar
packages:
  pkg-cli:
    url: github.com/toitlang/pkg-cli
    name: cli
    version: 1.5.0
    hash: 31f4cc21dbafe2d24c5f9ef249c62e2b770c7572
    prefixes:
      fs: pkg-fs
      host: pkg-host
  pkg-fs:
    url: github.com/toitlang/pkg-fs
    name: fs
    version: 2.1.0
    hash: ac3933367912563055ceea4188adcead3428103c
    prefixes:
      host: pkg-host
  pkg-host:
    url: github.com/toitlang/pkg-host
    name: host
    version: 1.12.0
    hash: fe5e10c56abc3fca1ef9bcba415e77fd59183cab
  pkg-tar:
    url: github.com/toitlang/pkg-tar
    name: tar
    version: 1.0.0
    hash: 72f9f1318b03300657dee12c8cfac72413ca1b56
