sdk: ^2.0.0-alpha.120
prefixes:
  cli: pkg-cli
  fs: pkg-fs
  host: pkg-host
  tar: pkg-tar
packages:
  pkg-cli:
    url: github.com/toitlang/pkg-cli
    name: cli
    version: 1.1.1
    hash: 4cfb8204a27b6eea6c4d1339c96f6e8cb41e43db
  pkg-fs:
    url: github.com/toitlang/pkg-fs
    name: fs
    version: 2.0.0
    hash: ba63e2385baddab27f0c458fd41706b1415ab5fc
    prefixes:
      host: pkg-host
  pkg-host:
    url: github.com/toitlang/pkg-host
    name: host
    version: 1.11.0
    hash: 7e7df6ac70d98a02f232185add81a06cec0d77e8
  pkg-tar:
    url: github.com/toitlang/pkg-tar
    name: tar
    version: 1.0.0
    hash: 72f9f1318b03300657dee12c8cfac72413ca1b56
