sdk: ^2.0.0-alpha.161
prefixes:
  ar: pkg-ar
  certificate_roots: toit-cert-roots
  cli: pkg-cli
  font_x11_adobe: pkg-font-x11-adobe
  fs: pkg-fs
  host: pkg-host
  partition-table: toit-partition-table-esp32
  tar: pkg-tar
packages:
  pkg-ar:
    url: github.com/toitlang/pkg-ar
    name: ar
    version: 1.2.0
    hash: 250d44f65997897de4cdf1a8a40f1e2548ce80e4
  pkg-cli:
    url: github.com/toitlang/pkg-cli
    name: cli
    version: 2.0.0
    hash: f893664723411d328ef1f8b275bc456274a1b6db
    prefixes:
      fs: pkg-fs
      host: pkg-host
  pkg-font-x11-adobe:
    url: github.com/toitlang/pkg-font-x11-adobe
    name: font_x11_adobe
    version: 0.1.0
    hash: f844400722165252148f087cdf189abab0a47f3d
  pkg-fs:
    url: github.com/toitlang/pkg-fs
    name: fs
    version: 2.3.1
    hash: 60836d4500317af2093d59d50c117d612c33f1fa
    prefixes:
      host: pkg-host
  pkg-host:
    url: github.com/toitlang/pkg-host
    name: host
    version: 1.15.1
    hash: ff187c2c19d695e66c3dc1d9c09b4dc6bec09088
  pkg-tar:
    url: github.com/toitlang/pkg-tar
    name: tar
    version: 1.2.0
    hash: fa4667de1073976a343f5816ddcea291e4cbf4ff
  toit-cert-roots:
    url: github.com/toitware/toit-cert-roots
    name: certificate_roots
    version: 1.6.1
    hash: 55d3be82ed53d8d332338b2de931865cf69fe48b
  toit-partition-table-esp32:
    url: github.com/toitware/toit-partition-table-esp32
    name: partition-table
    version: 1.2.0
    hash: 839d191d419caf43df86ce67c3c596e92f350bda
