sdk: ^2.0.0-alpha.120
prefixes:
  ar: pkg-ar
  certificate_roots: toit-cert-roots
  cli: pkg-cli
  font_x11_adobe: pkg-font-x11-adobe
  fs: pkg-fs
  host: pkg-host
  tar: pkg-tar
packages:
  pkg-ar:
    url: github.com/toitlang/pkg-ar
    name: ar
    version: 1.0.1
    hash: 0f32219787c63521fc5690bbb716fc19cc40f5da
  pkg-cli:
    url: github.com/toitlang/pkg-cli
    name: cli
    version: 1.3.0
    hash: 667d385441179dfe90c3427b8bc9ee252a948884
    prefixes:
      fs: pkg-fs
      host: pkg-host
  pkg-font-x11-adobe:
    url: github.com/toitlang/pkg-font-x11-adobe
    name: font_x11_adobe
    version: 0.1.0
    hash: f844400722165252148f087cdf189abab0a47f3d
  pkg-fs:
    url: github.com/toitlang/pkg-fs
    name: fs
    version: 2.0.0
    hash: ba63e2385baddab27f0c458fd41706b1415ab5fc
    prefixes:
      host: pkg-host
  pkg-host:
    url: github.com/toitlang/pkg-host
    name: host
    version: 1.11.0
    hash: 7e7df6ac70d98a02f232185add81a06cec0d77e8
  pkg-tar:
    url: github.com/toitlang/pkg-tar
    name: tar
    version: 1.0.0
    hash: 72f9f1318b03300657dee12c8cfac72413ca1b56
  toit-cert-roots:
    url: github.com/toitware/toit-cert-roots
    name: certificate_roots
    version: 1.6.1
    hash: 55d3be82ed53d8d332338b2de931865cf69fe48b
