sdk: ^2.0.0-alpha.144
prefixes:
  ar: pkg-ar
  certificate_roots: toit-cert-roots
  cli: pkg-cli
  font_x11_adobe: pkg-font-x11-adobe
  fs: pkg-fs
  host: pkg-host
  tar: pkg-tar
packages:
  pkg-ar:
    url: github.com/toitlang/pkg-ar
    name: ar
    version: 1.1.0
    hash: d265946ec701bc3a7d7fd426f158e038de0109d4
  pkg-cli:
    url: github.com/toitlang/pkg-cli
    name: cli
    version: 1.7.0
    hash: a01cd54068fc44f3c5588f0eae6a829853b0634e
    prefixes:
      fs: pkg-fs
      host: pkg-host
  pkg-font-x11-adobe:
    url: github.com/toitlang/pkg-font-x11-adobe
    name: font_x11_adobe
    version: 0.1.0
    hash: f844400722165252148f087cdf189abab0a47f3d
  pkg-fs:
    url: github.com/toitlang/pkg-fs
    name: fs
    version: 2.2.0
    hash: 863280c5c62ac259d16d0d3b24df21209b461b14
    prefixes:
      host: pkg-host
  pkg-host:
    url: github.com/toitlang/pkg-host
    name: host
    version: 1.15.0
    hash: 2588faa0c7553eca9a85cb6f829f3df41d9466f2
  pkg-tar:
    url: github.com/toitlang/pkg-tar
    name: tar
    version: 1.0.0
    hash: 72f9f1318b03300657dee12c8cfac72413ca1b56
  toit-cert-roots:
    url: github.com/toitware/toit-cert-roots
    name: certificate_roots
    version: 1.6.1
    hash: 55d3be82ed53d8d332338b2de931865cf69fe48b
