sdk: ^2.0.0-alpha.189
prefixes:
  cli: pkg-cli
  fs: pkg-fs
  host: pkg-host
packages:
  pkg-cli:
    url: github.com/toitlang/pkg-cli
    name: cli
    version: 2.7.1
    hash: 8376719abcede80c26dae3430da4ddd65de9e63f
    prefixes:
      desktop: pkg-desktop
      fs: pkg-fs
      host: pkg-host
      lockfile: toit-lockfile
  pkg-desktop:
    url: github.com/toitlang/pkg-desktop
    name: desktop
    version: 1.1.0
    hash: d6ad1d5c25e16d0c2910a132acba426251b5d87f
    prefixes:
      host: pkg-host
  pkg-fs:
    url: github.com/toitlang/pkg-fs
    name: fs
    version: 2.3.1
    hash: 60836d4500317af2093d59d50c117d612c33f1fa
    prefixes:
      host: pkg-host
  pkg-host:
    url: github.com/toitlang/pkg-host
    name: host
    version: 1.17.0
    hash: 05a26b5fa1cc73dc64a5e9cc16c40ae5aa24e0fb
  toit-lockfile:
    url: github.com/toitware/toit-lockfile
    name: lockfile
    version: 1.0.0
    hash: 47ddd8c13811e6cc368d6fef8f383b855f9d0ada
    prefixes:
      fs: pkg-fs
      host: pkg-host
