sdk: ^2.0.0-alpha.170
prefixes:
  cli: pkg-cli
  fs: pkg-fs
  host: pkg-host
packages:
  pkg-cli:
    url: github.com/toitlang/pkg-cli
    name: cli
    version: 2.5.0
    hash: 868f0743a739961fce5548fd8972019562b92bff
    prefixes:
      desktop: pkg-desktop
      fs: pkg-fs
      host: pkg-host
  pkg-desktop:
    url: github.com/toitlang/pkg-desktop
    name: desktop
    version: 1.1.0
    hash: d6ad1d5c25e16d0c2910a132acba426251b5d87f
    prefixes:
      host: pkg-host
  pkg-fs:
    url: github.com/toitlang/pkg-fs
    name: fs
    version: 2.3.1
    hash: 60836d4500317af2093d59d50c117d612c33f1fa
    prefixes:
      host: pkg-host
  pkg-host:
    url: github.com/toitlang/pkg-host
    name: host
    version: 1.16.2
    hash: ae83f761db80166a20bb38498edd009916b72563
