sdk: ^2.0.0-alpha.170
prefixes:
  cli: pkg-cli
  fs: pkg-fs
  host: pkg-host
packages:
  pkg-cli:
    url: github.com/toitlang/pkg-cli
    name: cli
    version: 2.2.0
    hash: ae142d3c8783939935ba37a924f9b2c2a0ad2479
    prefixes:
      fs: pkg-fs
      host: pkg-host
  pkg-fs:
    url: github.com/toitlang/pkg-fs
    name: fs
    version: 2.3.1
    hash: 60836d4500317af2093d59d50c117d612c33f1fa
    prefixes:
      host: pkg-host
  pkg-host:
    url: github.com/toitlang/pkg-host
    name: host
    version: 1.16.2
    hash: ae83f761db80166a20bb38498edd009916b72563
