sdk: ^1.6.10
prefixes:
  ar: pkg-ar
  cli: pkg-cli
  host: pkg-host
packages:
  pkg-ar:
    url: github.com/toitlang/pkg-ar
    version: 1.0.0
    hash: 175bcdfd59b2597c0825ef8765a20498a7e6a2db
  pkg-cli:
    url: github.com/toitlang/pkg-cli
    version: 1.1.0
    hash: cadcb975d3130b3a154c9bc0c676b1efa997a8c6
  pkg-host:
    url: github.com/toitlang/pkg-host
    version: 1.8.1
    hash: 7f0cc4280065fb18ee09d3803f12180cec852d32
