sdk: ^2.0.0-alpha.161
prefixes:
  ar: pkg-ar
  certificate_roots: toit-cert-roots
  cli: pkg-cli
  fs: pkg-fs
  host: pkg-host
  http: pkg-http
  partition-table: toit-partition-table-esp32
  semver: toit-semver
  tar: pkg-tar
packages:
  pkg-ar:
    url: github.com/toitlang/pkg-ar
    name: ar
    version: 1.3.0
    hash: d0f3890e5c641bee93fa337fbea0710a0a72710c
  pkg-cli:
    url: github.com/toitlang/pkg-cli
    name: cli
    version: 2.1.0
    hash: 94eee76216cb69cacf4e1f7323fb588cf3154451
    prefixes:
      fs: pkg-fs
      host: pkg-host
  pkg-fs:
    url: github.com/toitlang/pkg-fs
    name: fs
    version: 2.3.1
    hash: 60836d4500317af2093d59d50c117d612c33f1fa
    prefixes:
      host: pkg-host
  pkg-host:
    url: github.com/toitlang/pkg-host
    name: host
    version: 1.15.3
    hash: 62393e8522b77eafbafe60b9817935266117daf6
  pkg-http:
    url: github.com/toitlang/pkg-http
    name: http
    version: 2.8.0
    hash: 81754d64fe466cd00cc494ec515da8749bf04975
  pkg-tar:
    url: github.com/toitlang/pkg-tar
    name: tar
    version: 1.2.0
    hash: fa4667de1073976a343f5816ddcea291e4cbf4ff
  toit-cert-roots:
    url: github.com/toitware/toit-cert-roots
    name: certificate_roots
    version: 1.6.1
    hash: 55d3be82ed53d8d332338b2de931865cf69fe48b
  toit-partition-table-esp32:
    url: github.com/toitware/toit-partition-table-esp32
    name: partition-table
    version: 1.2.0
    hash: 839d191d419caf43df86ce67c3c596e92f350bda
  toit-semver:
    url: github.com/toitware/toit-semver
    name: semver
    version: 1.1.0
    hash: a681bad211f7d4803dfdc2a0068706559458274e
