sdk: ^2.0.0-alpha.170
prefixes:
  ar: pkg-ar
  certificate_roots: toit-cert-roots
  cli: pkg-cli
  desktop: pkg-desktop
  fs: pkg-fs
  host: pkg-host
  http: pkg-http
  partition-table: toit-partition-table-esp32
  semver: toit-semver
  tar: pkg-tar
packages:
  pkg-ar:
    url: github.com/toitlang/pkg-ar
    name: ar
    version: 1.4.1
    hash: 66f0359ed405dbebbc06a0cda9864b10b2d6aa34
  pkg-cli:
    url: github.com/toitlang/pkg-cli
    name: cli
    version: 2.5.0
    hash: 868f0743a739961fce5548fd8972019562b92bff
    prefixes:
      desktop: pkg-desktop
      fs: pkg-fs
      host: pkg-host
  pkg-desktop:
    url: github.com/toitlang/pkg-desktop
    name: desktop
    version: 1.1.0
    hash: d6ad1d5c25e16d0c2910a132acba426251b5d87f
    prefixes:
      host: pkg-host
  pkg-fs:
    url: github.com/toitlang/pkg-fs
    name: fs
    version: 2.3.1
    hash: 60836d4500317af2093d59d50c117d612c33f1fa
    prefixes:
      host: pkg-host
  pkg-host:
    url: github.com/toitlang/pkg-host
    name: host
    version: 1.16.2
    hash: ae83f761db80166a20bb38498edd009916b72563
  pkg-http:
    url: github.com/toitlang/pkg-http
    name: http
    version: 2.9.0
    hash: ed6e198259c578154de830dc492821fdb5a40c7a
  pkg-tar:
    url: github.com/toitlang/pkg-tar
    name: tar
    version: 1.2.0
    hash: fa4667de1073976a343f5816ddcea291e4cbf4ff
  toit-cert-roots:
    url: github.com/toitware/toit-cert-roots
    name: certificate-roots
    version: 1.11.0
    hash: c117dbba4757d7c69e91af7a875ab6989f051a33
  toit-partition-table-esp32:
    url: github.com/toitware/toit-partition-table-esp32
    name: partition-table
    version: 1.4.0
    hash: 9ee4032b913a00d0c0f87446261d034842b707f1
  toit-semver:
    url: github.com/toitware/toit-semver
    name: semver
    version: 1.1.0
    hash: a681bad211f7d4803dfdc2a0068706559458274e
