sdk: ^2.0.0-alpha.120
prefixes:
  certificate_roots: toit-cert-roots
  cli: pkg-cli
  fs: pkg-fs-2.2.0
  host: pkg-host
  http: pkg-http
packages:
  pkg-cli:
    url: github.com/toitlang/pkg-cli
    name: cli
    version: 1.3.0
    hash: 667d385441179dfe90c3427b8bc9ee252a948884
    prefixes:
      fs: pkg-fs-1.0.0
      host: pkg-host
  pkg-fs-1.0.0:
    url: github.com/toitlang/pkg-fs
    name: fs
    version: 1.0.0
    hash: c816c85022a155f37a4396455da9b27595050de1
    prefixes:
      host: pkg-host
  pkg-fs-2.2.0:
    url: github.com/toitlang/pkg-fs
    name: fs
    version: 2.2.0
    hash: 863280c5c62ac259d16d0d3b24df21209b461b14
    prefixes:
      host: pkg-host
  pkg-host:
    url: github.com/toitlang/pkg-host
    name: host
    version: 1.11.0
    hash: 7e7df6ac70d98a02f232185add81a06cec0d77e8
  pkg-http:
    url: github.com/toitlang/pkg-http
    name: http
    version: 2.3.4
    hash: 39fe52083b4c745cc37420649a48277b45728fd2
  toit-cert-roots:
    url: github.com/toitware/toit-cert-roots
    name: certificate_roots
    version: 1.6.1
    hash: 55d3be82ed53d8d332338b2de931865cf69fe48b
