sdk: ^2.0.0-alpha.189
prefixes:
  certificate_roots: toit-cert-roots
  cli: pkg-cli
  fs: pkg-fs
  host: pkg-host
  http: pkg-http
packages:
  pkg-cli:
    url: github.com/toitlang/pkg-cli
    name: cli
    version: 2.7.0
    hash: d3f79f82d4916aa0417aae7268e1d2fe27c0d296
    prefixes:
      desktop: pkg-desktop
      fs: pkg-fs
      host: pkg-host
      lockfile: toit-lockfile
  pkg-desktop:
    url: github.com/toitlang/pkg-desktop
    name: desktop
    version: 1.1.0
    hash: d6ad1d5c25e16d0c2910a132acba426251b5d87f
    prefixes:
      host: pkg-host
  pkg-fs:
    url: github.com/toitlang/pkg-fs
    name: fs
    version: 2.3.1
    hash: 60836d4500317af2093d59d50c117d612c33f1fa
    prefixes:
      host: pkg-host
  pkg-host:
    url: github.com/toitlang/pkg-host
    name: host
    version: 1.17.0
    hash: 05a26b5fa1cc73dc64a5e9cc16c40ae5aa24e0fb
  pkg-http:
    url: github.com/toitlang/pkg-http
    name: http
    version: 2.11.0
    hash: d2cdc57270eaafe8df8d8403bf4ebf95415aa0fd
  toit-cert-roots:
    url: github.com/toitware/toit-cert-roots
    name: certificate-roots
    version: 1.11.0
    hash: c117dbba4757d7c69e91af7a875ab6989f051a33
  toit-lockfile:
    url: github.com/toitware/toit-lockfile
    name: lockfile
    version: 1.0.0
    hash: 47ddd8c13811e6cc368d6fef8f383b855f9d0ada
    prefixes:
      fs: pkg-fs
      host: pkg-host
